{
    "name": "tsplang",
    "version": "0.5.0",
    "lockfileVersion": 1,
    "requires": true,
    "dependencies": {
        "@types/antlr4": {
            "version": "4.7.0",
            "resolved": "https://registry.npmjs.org/@types/antlr4/-/antlr4-4.7.0.tgz",
            "integrity": "sha512-WdyHH4PHxBQkeWoRTbuC/dvf0QErJpJE4UpESQSRmKoMER15DCLFHAHQjkwevMKQie0kqawS/eTY563GGMbz/g=="
        },
        "@types/escape-string-regexp": {
            "version": "1.0.0",
            "resolved": "https://registry.npmjs.org/@types/escape-string-regexp/-/escape-string-regexp-1.0.0.tgz",
            "integrity": "sha512-KAruqgk9/340M4MYYasdBET+lyYN8KMXUuRKWO72f4SbmIMMFp9nnJiXUkJS0HC2SFe4x0R/fLozXIzqoUfSjA=="
        },
        "@types/node": {
            "version": "10.12.18",
            "resolved": "https://registry.npmjs.org/@types/node/-/node-10.12.18.tgz",
            "integrity": "sha512-fh+pAqt4xRzPfqA6eh3Z2y6fyZavRIumvjhaCL753+TVkGKGhpPeyrJG2JftD0T9q4GF00KjefsQ+PQNDdWQaQ=="
        },
        "@types/node-ipc": {
            "version": "9.1.1",
            "resolved": "https://registry.npmjs.org/@types/node-ipc/-/node-ipc-9.1.1.tgz",
            "integrity": "sha512-0NoDCXvNJagYdg0SnXw7aDuxJyzy1cQevRVlCdTM4q0xAQ7Tg5VbQ9jpreKGOaLyql8r9T60hy/wA/QDIk1+Lg==",
            "requires": {
                "@types/node": "*"
            }
        },
        "antlr4": {
            "version": "4.7.1",
            "resolved": "https://registry.npmjs.org/antlr4/-/antlr4-4.7.1.tgz",
            "integrity": "sha512-haHyTW7Y9joE5MVs37P2lNYfU2RWBLfcRDD8OWldcdZm5TiCE91B5Xl1oWSwiDUSd4rlExpt2pu1fksYQjRBYQ=="
        },
        "easy-stack": {
            "version": "1.0.0",
            "resolved": "https://registry.npmjs.org/easy-stack/-/easy-stack-1.0.0.tgz",
            "integrity": "sha1-EskbMIWjfwuqM26UhurEv5Tj54g="
        },
        "escape-string-regexp": {
            "version": "1.0.5",
            "resolved": "https://registry.npmjs.org/escape-string-regexp/-/escape-string-regexp-1.0.5.tgz",
            "integrity": "sha1-G2HAViGQqN/2rjuyzwIAyhMLhtQ="
        },
        "event-pubsub": {
            "version": "4.3.0",
            "resolved": "https://registry.npmjs.org/event-pubsub/-/event-pubsub-4.3.0.tgz",
            "integrity": "sha512-z7IyloorXvKbFx9Bpie2+vMJKKx1fH1EN5yiTfp8CiLOTptSYy1g8H4yDpGlEdshL1PBiFtBHepF2cNsqeEeFQ=="
        },
        "js-message": {
            "version": "1.0.5",
            "resolved": "https://registry.npmjs.org/js-message/-/js-message-1.0.5.tgz",
            "integrity": "sha1-IwDSSxrwjondCVvBpMnJz8uJLRU="
        },
        "js-queue": {
            "version": "2.0.0",
            "resolved": "https://registry.npmjs.org/js-queue/-/js-queue-2.0.0.tgz",
            "integrity": "sha1-NiITz4YPRo8BJfxslqvBdCUx+Ug=",
            "requires": {
                "easy-stack": "^1.0.0"
            }
        },
        "node-ipc": {
            "version": "9.1.1",
            "resolved": "https://registry.npmjs.org/node-ipc/-/node-ipc-9.1.1.tgz",
            "integrity": "sha512-FAyICv0sIRJxVp3GW5fzgaf9jwwRQxAKDJlmNFUL5hOy+W4X/I5AypyHoq0DXXbo9o/gt79gj++4cMr4jVWE/w==",
            "requires": {
                "event-pubsub": "4.3.0",
                "js-message": "1.0.5",
                "js-queue": "2.0.0"
            }
        },
        "vscode-jsonrpc": {
            "version": "4.0.0",
            "resolved": "https://registry.npmjs.org/vscode-jsonrpc/-/vscode-jsonrpc-4.0.0.tgz",
            "integrity": "sha512-perEnXQdQOJMTDFNv+UF3h1Y0z4iSiaN9jIlb0OqIYgosPCZGYh/MCUlkFtV2668PL69lRDO32hmvL2yiidUYg=="
        },
        "vscode-languageserver": {
            "version": "5.2.1",
            "resolved": "https://registry.npmjs.org/vscode-languageserver/-/vscode-languageserver-5.2.1.tgz",
            "integrity": "sha512-GuayqdKZqAwwaCUjDvMTAVRPJOp/SLON3mJ07eGsx/Iq9HjRymhKWztX41rISqDKhHVVyFM+IywICyZDla6U3A==",
            "requires": {
                "vscode-languageserver-protocol": "3.14.1",
                "vscode-uri": "^1.0.6"
            }
        },
        "vscode-languageserver-protocol": {
            "version": "3.14.1",
            "resolved": "https://registry.npmjs.org/vscode-languageserver-protocol/-/vscode-languageserver-protocol-3.14.1.tgz",
            "integrity": "sha512-IL66BLb2g20uIKog5Y2dQ0IiigW0XKrvmWiOvc0yXw80z3tMEzEnHjaGAb3ENuU7MnQqgnYJ1Cl2l9RvNgDi4g==",
            "requires": {
                "vscode-jsonrpc": "^4.0.0",
                "vscode-languageserver-types": "3.14.0"
            }
        },
        "vscode-languageserver-types": {
            "version": "3.14.0",
            "resolved": "https://registry.npmjs.org/vscode-languageserver-types/-/vscode-languageserver-types-3.14.0.tgz",
            "integrity": "sha512-lTmS6AlAlMHOvPQemVwo3CezxBp0sNB95KNPkqp3Nxd5VFEnuG1ByM0zlRWos0zjO3ZWtkvhal0COgiV1xIA4A=="
        },
        "vscode-uri": {
            "version": "1.0.6",
            "resolved": "https://registry.npmjs.org/vscode-uri/-/vscode-uri-1.0.6.tgz",
            "integrity": "sha512-sLI2L0uGov3wKVb9EB+vIQBl9tVP90nqRvxSoJ35vI3NjxE8jfsE5DSOhWgSunHSZmKS4OCi2jrtfxK7uyp2ww=="
        }
    }
}
